
Microsoft Visual Studio Solution File, Format Version 12.00
# Visual Studio Version 17
VisualStudioVersion = 17.4.33110.190
MinimumVisualStudioVersion = 10.0.40219.1
Project("{8BC9CEB8-8B4A-11D0-8D11-00A0C91BC942}") = "Test_DLL", "Test_DLL.vcxproj", "{9101E37B-D073-4F8C-97CC-EB1134DB4597}"
EndProject
Global
	GlobalSection(SolutionConfigurationPlatforms) = preSolution
		Debug|x64 = Debug|x64
		Debug|x86 = Debug|x86
		Release|x64 = Release|x64
		Release|x86 = Release|x86
	EndGlobalSection
	GlobalSection(ProjectConfigurationPlatforms) = postSolution
		{9101E37B-D073-4F8C-97CC-EB1134DB4597}.Debug|x64.ActiveCfg = Debug|x64
		{9101E37B-D073-4F8C-97CC-EB1134DB4597}.Debug|x64.Build.0 = Debug|x64
		{9101E37B-D073-4F8C-97CC-EB1134DB4597}.Debug|x86.ActiveCfg = Debug|Win32
		{9101E37B-D073-4F8C-97CC-EB1134DB4597}.Debug|x86.Build.0 = Debug|Win32
		{9101E37B-D073-4F8C-97CC-EB1134DB4597}.Release|x64.ActiveCfg = Release|x64
		{9101E37B-D073-4F8C-97CC-EB1134DB4597}.Release|x64.Build.0 = Release|x64
		{9101E37B-D073-4F8C-97CC-EB1134DB4597}.Release|x86.ActiveCfg = Release|Win32
		{9101E37B-D073-4F8C-97CC-EB1134DB4597}.Release|x86.Build.0 = Release|Win32
	EndGlobalSection
	GlobalSection(SolutionProperties) = preSolution
		HideSolutionNode = FALSE
	EndGlobalSection
	GlobalSection(ExtensibilityGlobals) = postSolution
		SolutionGuid = {62BC7443-47A5-4062-A8D9-A779AE0FDE88}
	EndGlobalSection
EndGlobal
